<?xml version="1.0" encoding="UTF-8" standalone="yes" ?>
<CodeBlocks_project_file>
	<FileVersion major="1" minor="6" />
	<Project>
		<Option title="HW1_C34104032" />
		<Option pch_mode="2" />
		<Option compiler="gcc" />
		<Build>
			<Target title="default">
				<Option output="HW1_C34104032" prefix_auto="1" extension_auto="1" />
				<Option type="1" />
				<Option compiler="gcc" />
			</Target>
		</Build>
		<Unit filename="MatrixTerm.cpp" />
		<Unit filename="MatrixTerm.h" />
		<Unit filename="SparseMatrix.cpp" />
		<Unit filename="SparseMatrix.h" />
		<Unit filename="main.cpp" />
		<Extensions />
	</Project>
</CodeBlocks_project_file>
